// !$*UTF8*$!
{
	archiveVersion = 1;
	classes = {
	};
	objectVersion = 46;
	objects = {

/* Begin PBXBuildFile section */
		566E77A51DC328F40024B636 /* LoginViewController.swift in Sources */ = {isa = PBXBuildFile; fileRef = 566E77A41DC328F40024B636 /* LoginViewController.swift */; };
		56706C991DD140E900896D61 /* ContentViewController.swift in Sources */ = {isa = PBXBuildFile; fileRef = 56706C981DD140E900896D61 /* ContentViewController.swift */; };
		56706CA31DD15AE200896D61 /* InnerContentViewController.swift in Sources */ = {isa = PBXBuildFile; fileRef = 56706CA21DD15AE200896D61 /* InnerContentViewController.swift */; };
		56706CA51DD1652C00896D61 /* MentionsTimeline.swift in Sources */ = {isa = PBXBuildFile; fileRef = 56706CA41DD1652C00896D61 /* MentionsTimeline.swift */; };
		56706CA81DD178DB00896D61 /* UIColor+Hex.swift in Sources */ = {isa = PBXBuildFile; fileRef = 56706CA71DD178DB00896D61 /* UIColor+Hex.swift */; };
		5673EB8F1DD01C8C009264E5 /* HamburgerViewController.swift in Sources */ = {isa = PBXBuildFile; fileRef = 5673EB8E1DD01C8C009264E5 /* HamburgerViewController.swift */; };
		5673EB911DD0235C009264E5 /* MenuViewController.swift in Sources */ = {isa = PBXBuildFile; fileRef = 5673EB901DD0235C009264E5 /* MenuViewController.swift */; };
		5673EB931DD029E7009264E5 /* MenuTableViewCell.swift in Sources */ = {isa = PBXBuildFile; fileRef = 5673EB921DD029E7009264E5 /* MenuTableViewCell.swift */; };
		5673EB971DD04757009264E5 /* ProfileTableViewCell.swift in Sources */ = {isa = PBXBuildFile; fileRef = 5673EB961DD04757009264E5 /* ProfileTableViewCell.swift */; };
		5673EB9B1DD04DA8009264E5 /* ProfileViewController.swift in Sources */ = {isa = PBXBuildFile; fileRef = 5673EB9A1DD04DA8009264E5 /* ProfileViewController.swift */; };
		5673EB9D1DD054CB009264E5 /* TimelineTableViewController.swift in Sources */ = {isa = PBXBuildFile; fileRef = 5673EB9C1DD054CB009264E5 /* TimelineTableViewController.swift */; };
		5673EB9F1DD0F949009264E5 /* Timeline.swift in Sources */ = {isa = PBXBuildFile; fileRef = 5673EB9E1DD0F949009264E5 /* Timeline.swift */; };
		5673EBA11DD0F9B3009264E5 /* HomeTimeline.swift in Sources */ = {isa = PBXBuildFile; fileRef = 5673EBA01DD0F9B3009264E5 /* HomeTimeline.swift */; };
		5673EBA31DD10D41009264E5 /* TimelineTableViewDataSource.swift in Sources */ = {isa = PBXBuildFile; fileRef = 5673EBA21DD10D41009264E5 /* TimelineTableViewDataSource.swift */; };
		5673EBA51DD10F9D009264E5 /* UserTimeline.swift in Sources */ = {isa = PBXBuildFile; fileRef = 5673EBA41DD10F9D009264E5 /* UserTimeline.swift */; };
		56765AE41DC581B300D85675 /* ViewTweetViewController.swift in Sources */ = {isa = PBXBuildFile; fileRef = 56765AE31DC581B300D85675 /* ViewTweetViewController.swift */; };
		56765AE91DC6D11600D85675 /* TwitterAdapter.swift in Sources */ = {isa = PBXBuildFile; fileRef = 56765AE81DC6D11600D85675 /* TwitterAdapter.swift */; };
		56765AEB1DC6D24200D85675 /* TwitterService.swift in Sources */ = {isa = PBXBuildFile; fileRef = 56765AEA1DC6D24200D85675 /* TwitterService.swift */; };
		56AB4A061DC4453F00538C99 /* User.swift in Sources */ = {isa = PBXBuildFile; fileRef = 56AB4A051DC4453F00538C99 /* User.swift */; };
		56AB4A081DC445D900538C99 /* Tweet.swift in Sources */ = {isa = PBXBuildFile; fileRef = 56AB4A071DC445D900538C99 /* Tweet.swift */; };
		56AB4A0B1DC4464D00538C99 /* Twitter.swift in Sources */ = {isa = PBXBuildFile; fileRef = 56AB4A0A1DC4464D00538C99 /* Twitter.swift */; };
		56AB4A0D1DC45DCD00538C99 /* TweetsViewController.swift in Sources */ = {isa = PBXBuildFile; fileRef = 56AB4A0C1DC45DCD00538C99 /* TweetsViewController.swift */; };
		56AB4A101DC52CB400538C99 /* TweetTableViewCell.swift in Sources */ = {isa = PBXBuildFile; fileRef = 56AB4A0F1DC52CB400538C99 /* TweetTableViewCell.swift */; };
		56B56E9C1DC32835002C865A /* AppDelegate.swift in Sources */ = {isa = PBXBuildFile; fileRef = 56B56E9B1DC32835002C865A /* AppDelegate.swift */; };
		56B56EA11DC32835002C865A /* Main.storyboard in Resources */ = {isa = PBXBuildFile; fileRef = 56B56E9F1DC32835002C865A /* Main.storyboard */; };
		56B56EA31DC32835002C865A /* Assets.xcassets in Resources */ = {isa = PBXBuildFile; fileRef = 56B56EA21DC32835002C865A /* Assets.xcassets */; };
		56B56EA61DC32835002C865A /* LaunchScreen.storyboard in Resources */ = {isa = PBXBuildFile; fileRef = 56B56EA41DC32835002C865A /* LaunchScreen.storyboard */; };
		56B628BA1DC54A5800833801 /* CreateTweetViewController.swift in Sources */ = {isa = PBXBuildFile; fileRef = 56B628B91DC54A5800833801 /* CreateTweetViewController.swift */; };
		56B628BC1DC5534400833801 /* UIImageView+Twitterize.swift in Sources */ = {isa = PBXBuildFile; fileRef = 56B628BB1DC5534400833801 /* UIImageView+Twitterize.swift */; };
		E4F70063570A1FFEA93B337D /* Pods_GerbilTwitter.framework in Frameworks */ = {isa = PBXBuildFile; fileRef = E2AA0ECF1562801C71868C96 /* Pods_GerbilTwitter.framework */; };
/* End PBXBuildFile section */

/* Begin PBXFileReference section */
		2ABFB18F4EB748FCB218EEDD /* Pods-GerbilTwitter.release.xcconfig */ = {isa = PBXFileReference; includeInIndex = 1; lastKnownFileType = text.xcconfig; name = "Pods-GerbilTwitter.release.xcconfig"; path = "Pods/Target Support Files/Pods-GerbilTwitter/Pods-GerbilTwitter.release.xcconfig"; sourceTree = "<group>"; };
		566E77A41DC328F40024B636 /* LoginViewController.swift */ = {isa = PBXFileReference; fileEncoding = 4; lastKnownFileType = sourcecode.swift; path = LoginViewController.swift; sourceTree = "<group>"; };
		56706C981DD140E900896D61 /* ContentViewController.swift */ = {isa = PBXFileReference; fileEncoding = 4; lastKnownFileType = sourcecode.swift; path = ContentViewController.swift; sourceTree = "<group>"; };
		56706CA21DD15AE200896D61 /* InnerContentViewController.swift */ = {isa = PBXFileReference; fileEncoding = 4; lastKnownFileType = sourcecode.swift; path = InnerContentViewController.swift; sourceTree = "<group>"; };
		56706CA41DD1652C00896D61 /* MentionsTimeline.swift */ = {isa = PBXFileReference; fileEncoding = 4; lastKnownFileType = sourcecode.swift; path = MentionsTimeline.swift; sourceTree = "<group>"; };
		56706CA71DD178DB00896D61 /* UIColor+Hex.swift */ = {isa = PBXFileReference; fileEncoding = 4; lastKnownFileType = sourcecode.swift; path = "UIColor+Hex.swift"; sourceTree = "<group>"; };
		5673EB8E1DD01C8C009264E5 /* HamburgerViewController.swift */ = {isa = PBXFileReference; fileEncoding = 4; lastKnownFileType = sourcecode.swift; path = HamburgerViewController.swift; sourceTree = "<group>"; };
		5673EB901DD0235C009264E5 /* MenuViewController.swift */ = {isa = PBXFileReference; fileEncoding = 4; lastKnownFileType = sourcecode.swift; path = MenuViewController.swift; sourceTree = "<group>"; };
		5673EB921DD029E7009264E5 /* MenuTableViewCell.swift */ = {isa = PBXFileReference; fileEncoding = 4; lastKnownFileType = sourcecode.swift; path = MenuTableViewCell.swift; sourceTree = "<group>"; };
		5673EB961DD04757009264E5 /* ProfileTableViewCell.swift */ = {isa = PBXFileReference; fileEncoding = 4; lastKnownFileType = sourcecode.swift; path = ProfileTableViewCell.swift; sourceTree = "<group>"; };
		5673EB9A1DD04DA8009264E5 /* ProfileViewController.swift */ = {isa = PBXFileReference; fileEncoding = 4; lastKnownFileType = sourcecode.swift; path = ProfileViewController.swift; sourceTree = "<group>"; };
		5673EB9C1DD054CB009264E5 /* TimelineTableViewController.swift */ = {isa = PBXFileReference; fileEncoding = 4; lastKnownFileType = sourcecode.swift; path = TimelineTableViewController.swift; sourceTree = "<group>"; };
		5673EB9E1DD0F949009264E5 /* Timeline.swift */ = {isa = PBXFileReference; fileEncoding = 4; lastKnownFileType = sourcecode.swift; path = Timeline.swift; sourceTree = "<group>"; };
		5673EBA01DD0F9B3009264E5 /* HomeTimeline.swift */ = {isa = PBXFileReference; fileEncoding = 4; lastKnownFileType = sourcecode.swift; path = HomeTimeline.swift; sourceTree = "<group>"; };
		5673EBA21DD10D41009264E5 /* TimelineTableViewDataSource.swift */ = {isa = PBXFileReference; fileEncoding = 4; lastKnownFileType = sourcecode.swift; path = TimelineTableViewDataSource.swift; sourceTree = "<group>"; };
		5673EBA41DD10F9D009264E5 /* UserTimeline.swift */ = {isa = PBXFileReference; fileEncoding = 4; lastKnownFileType = sourcecode.swift; path = UserTimeline.swift; sourceTree = "<group>"; };
		56765AE31DC581B300D85675 /* ViewTweetViewController.swift */ = {isa = PBXFileReference; fileEncoding = 4; lastKnownFileType = sourcecode.swift; path = ViewTweetViewController.swift; sourceTree = "<group>"; };
		56765AE81DC6D11600D85675 /* TwitterAdapter.swift */ = {isa = PBXFileReference; fileEncoding = 4; lastKnownFileType = sourcecode.swift; path = TwitterAdapter.swift; sourceTree = "<group>"; };
		56765AEA1DC6D24200D85675 /* TwitterService.swift */ = {isa = PBXFileReference; fileEncoding = 4; lastKnownFileType = sourcecode.swift; path = TwitterService.swift; sourceTree = "<group>"; };
		56AB4A051DC4453F00538C99 /* User.swift */ = {isa = PBXFileReference; fileEncoding = 4; lastKnownFileType = sourcecode.swift; path = User.swift; sourceTree = "<group>"; };
		56AB4A071DC445D900538C99 /* Tweet.swift */ = {isa = PBXFileReference; fileEncoding = 4; lastKnownFileType = sourcecode.swift; path = Tweet.swift; sourceTree = "<group>"; };
		56AB4A0A1DC4464D00538C99 /* Twitter.swift */ = {isa = PBXFileReference; fileEncoding = 4; lastKnownFileType = sourcecode.swift; path = Twitter.swift; sourceTree = "<group>"; };
		56AB4A0C1DC45DCD00538C99 /* TweetsViewController.swift */ = {isa = PBXFileReference; fileEncoding = 4; lastKnownFileType = sourcecode.swift; path = TweetsViewController.swift; sourceTree = "<group>"; };
		56AB4A0F1DC52CB400538C99 /* TweetTableViewCell.swift */ = {isa = PBXFileReference; fileEncoding = 4; lastKnownFileType = sourcecode.swift; path = TweetTableViewCell.swift; sourceTree = "<group>"; };
		56AB4A111DC5343D00538C99 /* GerbilTwitter.entitlements */ = {isa = PBXFileReference; lastKnownFileType = text.plist.entitlements; path = GerbilTwitter.entitlements; sourceTree = "<group>"; };
		56B56E981DC32835002C865A /* GerbilTwitter.app */ = {isa = PBXFileReference; explicitFileType = wrapper.application; includeInIndex = 0; path = GerbilTwitter.app; sourceTree = BUILT_PRODUCTS_DIR; };
		56B56E9B1DC32835002C865A /* AppDelegate.swift */ = {isa = PBXFileReference; lastKnownFileType = sourcecode.swift; path = AppDelegate.swift; sourceTree = "<group>"; };
		56B56EA01DC32835002C865A /* Base */ = {isa = PBXFileReference; lastKnownFileType = file.storyboard; name = Base; path = Base.lproj/Main.storyboard; sourceTree = "<group>"; };
		56B56EA21DC32835002C865A /* Assets.xcassets */ = {isa = PBXFileReference; lastKnownFileType = folder.assetcatalog; path = Assets.xcassets; sourceTree = "<group>"; };
		56B56EA51DC32835002C865A /* Base */ = {isa = PBXFileReference; lastKnownFileType = file.storyboard; name = Base; path = Base.lproj/LaunchScreen.storyboard; sourceTree = "<group>"; };
		56B56EA71DC32835002C865A /* Info.plist */ = {isa = PBXFileReference; lastKnownFileType = text.plist.xml; path = Info.plist; sourceTree = "<group>"; };
		56B628B91DC54A5800833801 /* CreateTweetViewController.swift */ = {isa = PBXFileReference; fileEncoding = 4; lastKnownFileType = sourcecode.swift; path = CreateTweetViewController.swift; sourceTree = "<group>"; };
		56B628BB1DC5534400833801 /* UIImageView+Twitterize.swift */ = {isa = PBXFileReference; fileEncoding = 4; lastKnownFileType = sourcecode.swift; path = "UIImageView+Twitterize.swift"; sourceTree = "<group>"; };
		98781DB8F9EC063C5E77FD83 /* Pods-GerbilTwitter.debug.xcconfig */ = {isa = PBXFileReference; includeInIndex = 1; lastKnownFileType = text.xcconfig; name = "Pods-GerbilTwitter.debug.xcconfig"; path = "Pods/Target Support Files/Pods-GerbilTwitter/Pods-GerbilTwitter.debug.xcconfig"; sourceTree = "<group>"; };
		E2AA0ECF1562801C71868C96 /* Pods_GerbilTwitter.framework */ = {isa = PBXFileReference; explicitFileType = wrapper.framework; includeInIndex = 0; path = Pods_GerbilTwitter.framework; sourceTree = BUILT_PRODUCTS_DIR; };
/* End PBXFileReference section */

/* Begin PBXFrameworksBuildPhase section */
		56B56E951DC32835002C865A /* Frameworks */ = {
			isa = PBXFrameworksBuildPhase;
			buildActionMask = 2147483647;
			files = (
				E4F70063570A1FFEA93B337D /* Pods_GerbilTwitter.framework in Frameworks */,
			);
			runOnlyForDeploymentPostprocessing = 0;
		};
/* End PBXFrameworksBuildPhase section */

/* Begin PBXGroup section */
		56706CA61DD178CF00896D61 /* UI */ = {
			isa = PBXGroup;
			children = (
				56706CA71DD178DB00896D61 /* UIColor+Hex.swift */,
			);
			name = UI;
			sourceTree = "<group>";
		};
		56AB4A031DC4452300538C99 /* Models */ = {
			isa = PBXGroup;
			children = (
				56AB4A051DC4453F00538C99 /* User.swift */,
				56AB4A071DC445D900538C99 /* Tweet.swift */,
			);
			name = Models;
			sourceTree = "<group>";
		};
		56AB4A041DC4452800538C99 /* View Controllers */ = {
			isa = PBXGroup;
			children = (
				566E77A41DC328F40024B636 /* LoginViewController.swift */,
				56AB4A0C1DC45DCD00538C99 /* TweetsViewController.swift */,
				56B628B91DC54A5800833801 /* CreateTweetViewController.swift */,
				56765AE31DC581B300D85675 /* ViewTweetViewController.swift */,
				5673EB8E1DD01C8C009264E5 /* HamburgerViewController.swift */,
				5673EB901DD0235C009264E5 /* MenuViewController.swift */,
				5673EB9A1DD04DA8009264E5 /* ProfileViewController.swift */,
				5673EB9C1DD054CB009264E5 /* TimelineTableViewController.swift */,
				5673EBA21DD10D41009264E5 /* TimelineTableViewDataSource.swift */,
				56706C981DD140E900896D61 /* ContentViewController.swift */,
				56706CA21DD15AE200896D61 /* InnerContentViewController.swift */,
			);
			name = "View Controllers";
			sourceTree = "<group>";
		};
		56AB4A091DC4463A00538C99 /* API */ = {
			isa = PBXGroup;
			children = (
				5673EB9E1DD0F949009264E5 /* Timeline.swift */,
				56AB4A0A1DC4464D00538C99 /* Twitter.swift */,
				56765AE81DC6D11600D85675 /* TwitterAdapter.swift */,
				56765AEA1DC6D24200D85675 /* TwitterService.swift */,
				5673EBA01DD0F9B3009264E5 /* HomeTimeline.swift */,
				5673EBA41DD10F9D009264E5 /* UserTimeline.swift */,
				56706CA41DD1652C00896D61 /* MentionsTimeline.swift */,
			);
			name = API;
			sourceTree = "<group>";
		};
		56AB4A0E1DC52CA300538C99 /* Views */ = {
			isa = PBXGroup;
			children = (
				56AB4A0F1DC52CB400538C99 /* TweetTableViewCell.swift */,
				56B628BB1DC5534400833801 /* UIImageView+Twitterize.swift */,
				5673EB921DD029E7009264E5 /* MenuTableViewCell.swift */,
				5673EB961DD04757009264E5 /* ProfileTableViewCell.swift */,
			);
			name = Views;
			sourceTree = "<group>";
		};
		56B56E8F1DC32835002C865A = {
			isa = PBXGroup;
			children = (
				56B56E9A1DC32835002C865A /* GerbilTwitter */,
				56B56E991DC32835002C865A /* Products */,
				C2CA3BB2DF7826F2CA48A971 /* Pods */,
				8E83E64616382479B490EC2A /* Frameworks */,
			);
			sourceTree = "<group>";
		};
		56B56E991DC32835002C865A /* Products */ = {
			isa = PBXGroup;
			children = (
				56B56E981DC32835002C865A /* GerbilTwitter.app */,
			);
			name = Products;
			sourceTree = "<group>";
		};
		56B56E9A1DC32835002C865A /* GerbilTwitter */ = {
			isa = PBXGroup;
			children = (
				56706CA61DD178CF00896D61 /* UI */,
				56AB4A111DC5343D00538C99 /* GerbilTwitter.entitlements */,
				56AB4A0E1DC52CA300538C99 /* Views */,
				56AB4A091DC4463A00538C99 /* API */,
				56AB4A041DC4452800538C99 /* View Controllers */,
				56AB4A031DC4452300538C99 /* Models */,
				56B56E9B1DC32835002C865A /* AppDelegate.swift */,
				56B56E9F1DC32835002C865A /* Main.storyboard */,
				56B56EA21DC32835002C865A /* Assets.xcassets */,
				56B56EA41DC32835002C865A /* LaunchScreen.storyboard */,
				56B56EA71DC32835002C865A /* Info.plist */,
			);
			path = GerbilTwitter;
			sourceTree = "<group>";
		};
		8E83E64616382479B490EC2A /* Frameworks */ = {
			isa = PBXGroup;
			children = (
				E2AA0ECF1562801C71868C96 /* Pods_GerbilTwitter.framework */,
			);
			name = Frameworks;
			sourceTree = "<group>";
		};
		C2CA3BB2DF7826F2CA48A971 /* Pods */ = {
			isa = PBXGroup;
			children = (
				98781DB8F9EC063C5E77FD83 /* Pods-GerbilTwitter.debug.xcconfig */,
				2ABFB18F4EB748FCB218EEDD /* Pods-GerbilTwitter.release.xcconfig */,
			);
			name = Pods;
			sourceTree = "<group>";
		};
/* End PBXGroup section */

/* Begin PBXNativeTarget section */
		56B56E971DC32835002C865A /* GerbilTwitter */ = {
			isa = PBXNativeTarget;
			buildConfigurationList = 56B56EAA1DC32835002C865A /* Build configuration list for PBXNativeTarget "GerbilTwitter" */;
			buildPhases = (
				030BFFC6B0EF95FF5A4D06E9 /* [CP] Check Pods Manifest.lock */,
				56B56E941DC32835002C865A /* Sources */,
				56B56E951DC32835002C865A /* Frameworks */,
				56B56E961DC32835002C865A /* Resources */,
				D98F4D95B980B48F36B8C754 /* [CP] Embed Pods Frameworks */,
				9703CBC44B6D789466C62736 /* [CP] Copy Pods Resources */,
			);
			buildRules = (
			);
			dependencies = (
			);
			name = GerbilTwitter;
			productName = GerbilTwitter;
			productReference = 56B56E981DC32835002C865A /* GerbilTwitter.app */;
			productType = "com.apple.product-type.application";
		};
/* End PBXNativeTarget section */

/* Begin PBXProject section */
		56B56E901DC32835002C865A /* Project object */ = {
			isa = PBXProject;
			attributes = {
				LastSwiftUpdateCheck = 0800;
				LastUpgradeCheck = 0800;
				ORGANIZATIONNAME = "R-J Lim";
				TargetAttributes = {
					56B56E971DC32835002C865A = {
						CreatedOnToolsVersion = 8.0;
						DevelopmentTeam = HMB99JL952;
						ProvisioningStyle = Automatic;
						SystemCapabilities = {
							com.apple.Keychain = {
								enabled = 1;
							};
						};
					};
				};
			};
			buildConfigurationList = 56B56E931DC32835002C865A /* Build configuration list for PBXProject "GerbilTwitter" */;
			compatibilityVersion = "Xcode 3.2";
			developmentRegion = English;
			hasScannedForEncodings = 0;
			knownRegions = (
				en,
				Base,
			);
			mainGroup = 56B56E8F1DC32835002C865A;
			productRefGroup = 56B56E991DC32835002C865A /* Products */;
			projectDirPath = "";
			projectRoot = "";
			targets = (
				56B56E971DC32835002C865A /* GerbilTwitter */,
			);
		};
/* End PBXProject section */

/* Begin PBXResourcesBuildPhase section */
		56B56E961DC32835002C865A /* Resources */ = {
			isa = PBXResourcesBuildPhase;
			buildActionMask = 2147483647;
			files = (
				56B56EA61DC32835002C865A /* LaunchScreen.storyboard in Resources */,
				56B56EA31DC32835002C865A /* Assets.xcassets in Resources */,
				56B56EA11DC32835002C865A /* Main.storyboard in Resources */,
			);
			runOnlyForDeploymentPostprocessing = 0;
		};
/* End PBXResourcesBuildPhase section */

/* Begin PBXShellScriptBuildPhase section */
		030BFFC6B0EF95FF5A4D06E9 /* [CP] Check Pods Manifest.lock */ = {
			isa = PBXShellScriptBuildPhase;
			buildActionMask = 2147483647;
			files = (
			);
			inputPaths = (
			);
			name = "[CP] Check Pods Manifest.lock";
			outputPaths = (
			);
			runOnlyForDeploymentPostprocessing = 0;
			shellPath = /bin/sh;
			shellScript = "diff \"${PODS_ROOT}/../Podfile.lock\" \"${PODS_ROOT}/Manifest.lock\" > /dev/null\nif [[ $? != 0 ]] ; then\n    cat << EOM\nerror: The sandbox is not in sync with the Podfile.lock. Run 'pod install' or update your CocoaPods installation.\nEOM\n    exit 1\nfi\n";
			showEnvVarsInLog = 0;
		};
		9703CBC44B6D789466C62736 /* [CP] Copy Pods Resources */ = {
			isa = PBXShellScriptBuildPhase;
			buildActionMask = 2147483647;
			files = (
			);
			inputPaths = (
			);
			name = "[CP] Copy Pods Resources";
			outputPaths = (
			);
			runOnlyForDeploymentPostprocessing = 0;
			shellPath = /bin/sh;
			shellScript = "\"${SRCROOT}/Pods/Target Support Files/Pods-GerbilTwitter/Pods-GerbilTwitter-resources.sh\"\n";
			showEnvVarsInLog = 0;
		};
		D98F4D95B980B48F36B8C754 /* [CP] Embed Pods Frameworks */ = {
			isa = PBXShellScriptBuildPhase;
			buildActionMask = 2147483647;
			files = (
			);
			inputPaths = (
			);
			name = "[CP] Embed Pods Frameworks";
			outputPaths = (
			);
			runOnlyForDeploymentPostprocessing = 0;
			shellPath = /bin/sh;
			shellScript = "\"${SRCROOT}/Pods/Target Support Files/Pods-GerbilTwitter/Pods-GerbilTwitter-frameworks.sh\"\n";
			showEnvVarsInLog = 0;
		};
/* End PBXShellScriptBuildPhase section */

/* Begin PBXSourcesBuildPhase section */
		56B56E941DC32835002C865A /* Sources */ = {
			isa = PBXSourcesBuildPhase;
			buildActionMask = 2147483647;
			files = (
				566E77A51DC328F40024B636 /* LoginViewController.swift in Sources */,
				5673EBA11DD0F9B3009264E5 /* HomeTimeline.swift in Sources */,
				56706CA51DD1652C00896D61 /* MentionsTimeline.swift in Sources */,
				56B56E9C1DC32835002C865A /* AppDelegate.swift in Sources */,
				5673EB8F1DD01C8C009264E5 /* HamburgerViewController.swift in Sources */,
				5673EB911DD0235C009264E5 /* MenuViewController.swift in Sources */,
				5673EB9D1DD054CB009264E5 /* TimelineTableViewController.swift in Sources */,
				56AB4A0D1DC45DCD00538C99 /* TweetsViewController.swift in Sources */,
				56AB4A0B1DC4464D00538C99 /* Twitter.swift in Sources */,
				56706CA81DD178DB00896D61 /* UIColor+Hex.swift in Sources */,
				5673EB9B1DD04DA8009264E5 /* ProfileViewController.swift in Sources */,
				56AB4A061DC4453F00538C99 /* User.swift in Sources */,
				56AB4A081DC445D900538C99 /* Tweet.swift in Sources */,
				5673EBA51DD10F9D009264E5 /* UserTimeline.swift in Sources */,
				56B628BC1DC5534400833801 /* UIImageView+Twitterize.swift in Sources */,
				5673EB971DD04757009264E5 /* ProfileTableViewCell.swift in Sources */,
				5673EB9F1DD0F949009264E5 /* Timeline.swift in Sources */,
				56706C991DD140E900896D61 /* ContentViewController.swift in Sources */,
				56765AE41DC581B300D85675 /* ViewTweetViewController.swift in Sources */,
				56765AE91DC6D11600D85675 /* TwitterAdapter.swift in Sources */,
				56B628BA1DC54A5800833801 /* CreateTweetViewController.swift in Sources */,
				56AB4A101DC52CB400538C99 /* TweetTableViewCell.swift in Sources */,
				5673EBA31DD10D41009264E5 /* TimelineTableViewDataSource.swift in Sources */,
				56706CA31DD15AE200896D61 /* InnerContentViewController.swift in Sources */,
				56765AEB1DC6D24200D85675 /* TwitterService.swift in Sources */,
				5673EB931DD029E7009264E5 /* MenuTableViewCell.swift in Sources */,
			);
			runOnlyForDeploymentPostprocessing = 0;
		};
/* End PBXSourcesBuildPhase section */

/* Begin PBXVariantGroup section */
		56B56E9F1DC32835002C865A /* Main.storyboard */ = {
			isa = PBXVariantGroup;
			children = (
				56B56EA01DC32835002C865A /* Base */,
			);
			name = Main.storyboard;
			sourceTree = "<group>";
		};
		56B56EA41DC32835002C865A /* LaunchScreen.storyboard */ = {
			isa = PBXVariantGroup;
			children = (
				56B56EA51DC32835002C865A /* Base */,
			);
			name = LaunchScreen.storyboard;
			sourceTree = "<group>";
		};
/* End PBXVariantGroup section */

/* Begin XCBuildConfiguration section */
		56B56EA81DC32835002C865A /* Debug */ = {
			isa = XCBuildConfiguration;
			buildSettings = {
				ALWAYS_SEARCH_USER_PATHS = NO;
				CLANG_ANALYZER_NONNULL = YES;
				CLANG_CXX_LANGUAGE_STANDARD = "gnu++0x";
				CLANG_CXX_LIBRARY = "libc++";
				CLANG_ENABLE_MODULES = YES;
				CLANG_ENABLE_OBJC_ARC = YES;
				CLANG_WARN_BOOL_CONVERSION = YES;
				CLANG_WARN_CONSTANT_CONVERSION = YES;
				CLANG_WARN_DIRECT_OBJC_ISA_USAGE = YES_ERROR;
				CLANG_WARN_DOCUMENTATION_COMMENTS = YES;
				CLANG_WARN_EMPTY_BODY = YES;
				CLANG_WARN_ENUM_CONVERSION = YES;
				CLANG_WARN_INFINITE_RECURSION = YES;
				CLANG_WARN_INT_CONVERSION = YES;
				CLANG_WARN_OBJC_ROOT_CLASS = YES_ERROR;
				CLANG_WARN_SUSPICIOUS_MOVES = YES;
				CLANG_WARN_UNREACHABLE_CODE = YES;
				CLANG_WARN__DUPLICATE_METHOD_MATCH = YES;
				"CODE_SIGN_IDENTITY[sdk=iphoneos*]" = "iPhone Developer";
				COPY_PHASE_STRIP = NO;
				DEBUG_INFORMATION_FORMAT = dwarf;
				ENABLE_STRICT_OBJC_MSGSEND = YES;
				ENABLE_TESTABILITY = YES;
				GCC_C_LANGUAGE_STANDARD = gnu99;
				GCC_DYNAMIC_NO_PIC = NO;
				GCC_NO_COMMON_BLOCKS = YES;
				GCC_OPTIMIZATION_LEVEL = 0;
				GCC_PREPROCESSOR_DEFINITIONS = (
					"DEBUG=1",
					"$(inherited)",
				);
				GCC_WARN_64_TO_32_BIT_CONVERSION = YES;
				GCC_WARN_ABOUT_RETURN_TYPE = YES_ERROR;
				GCC_WARN_UNDECLARED_SELECTOR = YES;
				GCC_WARN_UNINITIALIZED_AUTOS = YES_AGGRESSIVE;
				GCC_WARN_UNUSED_FUNCTION = YES;
				GCC_WARN_UNUSED_VARIABLE = YES;
				IPHONEOS_DEPLOYMENT_TARGET = 10.0;
				MTL_ENABLE_DEBUG_INFO = YES;
				ONLY_ACTIVE_ARCH = YES;
				SDKROOT = iphoneos;
				SWIFT_ACTIVE_COMPILATION_CONDITIONS = DEBUG;
				SWIFT_OPTIMIZATION_LEVEL = "-Onone";
				TARGETED_DEVICE_FAMILY = "1,2";
			};
			name = Debug;
		};
		56B56EA91DC32835002C865A /* Release */ = {
			isa = XCBuildConfiguration;
			buildSettings = {
				ALWAYS_SEARCH_USER_PATHS = NO;
				CLANG_ANALYZER_NONNULL = YES;
				CLANG_CXX_LANGUAGE_STANDARD = "gnu++0x";
				CLANG_CXX_LIBRARY = "libc++";
				CLANG_ENABLE_MODULES = YES;
				CLANG_ENABLE_OBJC_ARC = YES;
				CLANG_WARN_BOOL_CONVERSION = YES;
				CLANG_WARN_CONSTANT_CONVERSION = YES;
				CLANG_WARN_DIRECT_OBJC_ISA_USAGE = YES_ERROR;
				CLANG_WARN_DOCUMENTATION_COMMENTS = YES;
				CLANG_WARN_EMPTY_BODY = YES;
				CLANG_WARN_ENUM_CONVERSION = YES;
				CLANG_WARN_INFINITE_RECURSION = YES;
				CLANG_WARN_INT_CONVERSION = YES;
				CLANG_WARN_OBJC_ROOT_CLASS = YES_ERROR;
				CLANG_WARN_SUSPICIOUS_MOVES = YES;
				CLANG_WARN_UNREACHABLE_CODE = YES;
				CLANG_WARN__DUPLICATE_METHOD_MATCH = YES;
				"CODE_SIGN_IDENTITY[sdk=iphoneos*]" = "iPhone Developer";
				COPY_PHASE_STRIP = NO;
				DEBUG_INFORMATION_FORMAT = "dwarf-with-dsym";
				ENABLE_NS_ASSERTIONS = NO;
				ENABLE_STRICT_OBJC_MSGSEND = YES;
				GCC_C_LANGUAGE_STANDARD = gnu99;
				GCC_NO_COMMON_BLOCKS = YES;
				GCC_WARN_64_TO_32_BIT_CONVERSION = YES;
				GCC_WARN_ABOUT_RETURN_TYPE = YES_ERROR;
				GCC_WARN_UNDECLARED_SELECTOR = YES;
				GCC_WARN_UNINITIALIZED_AUTOS = YES_AGGRESSIVE;
				GCC_WARN_UNUSED_FUNCTION = YES;
				GCC_WARN_UNUSED_VARIABLE = YES;
				IPHONEOS_DEPLOYMENT_TARGET = 10.0;
				MTL_ENABLE_DEBUG_INFO = NO;
				SDKROOT = iphoneos;
				SWIFT_OPTIMIZATION_LEVEL = "-Owholemodule";
				TARGETED_DEVICE_FAMILY = "1,2";
				VALIDATE_PRODUCT = YES;
			};
			name = Release;
		};
		56B56EAB1DC32835002C865A /* Debug */ = {
			isa = XCBuildConfiguration;
			baseConfigurationReference = 98781DB8F9EC063C5E77FD83 /* Pods-GerbilTwitter.debug.xcconfig */;
			buildSettings = {
				ASSETCATALOG_COMPILER_APPICON_NAME = AppIcon;
				CODE_SIGN_ENTITLEMENTS = GerbilTwitter/GerbilTwitter.entitlements;
				DEVELOPMENT_TEAM = HMB99JL952;
				INFOPLIST_FILE = GerbilTwitter/Info.plist;
				LD_RUNPATH_SEARCH_PATHS = "$(inherited) @executable_path/Frameworks";
				PRODUCT_BUNDLE_IDENTIFIER = com.gerbil.GerbilTwitter;
				PRODUCT_NAME = "$(TARGET_NAME)";
				SWIFT_VERSION = 3.0;
			};
			name = Debug;
		};
		56B56EAC1DC32835002C865A /* Release */ = {
			isa = XCBuildConfiguration;
			baseConfigurationReference = 2ABFB18F4EB748FCB218EEDD /* Pods-GerbilTwitter.release.xcconfig */;
			buildSettings = {
				ASSETCATALOG_COMPILER_APPICON_NAME = AppIcon;
				CODE_SIGN_ENTITLEMENTS = GerbilTwitter/GerbilTwitter.entitlements;
				DEVELOPMENT_TEAM = HMB99JL952;
				INFOPLIST_FILE = GerbilTwitter/Info.plist;
				LD_RUNPATH_SEARCH_PATHS = "$(inherited) @executable_path/Frameworks";
				PRODUCT_BUNDLE_IDENTIFIER = com.gerbil.GerbilTwitter;
				PRODUCT_NAME = "$(TARGET_NAME)";
				SWIFT_VERSION = 3.0;
			};
			name = Release;
		};
/* End XCBuildConfiguration section */

/* Begin XCConfigurationList section */
		56B56E931DC32835002C865A /* Build configuration list for PBXProject "GerbilTwitter" */ = {
			isa = XCConfigurationList;
			buildConfigurations = (
				56B56EA81DC32835002C865A /* Debug */,
				56B56EA91DC32835002C865A /* Release */,
			);
			defaultConfigurationIsVisible = 0;
			defaultConfigurationName = Release;
		};
		56B56EAA1DC32835002C865A /* Build configuration list for PBXNativeTarget "GerbilTwitter" */ = {
			isa = XCConfigurationList;
			buildConfigurations = (
				56B56EAB1DC32835002C865A /* Debug */,
				56B56EAC1DC32835002C865A /* Release */,
			);
			defaultConfigurationIsVisible = 0;
			defaultConfigurationName = Release;
		};
/* End XCConfigurationList section */
	};
	rootObject = 56B56E901DC32835002C865A /* Project object */;
}
